
Microsoft Visual Studio Solution File, Format Version 12.00
Project("{FAE04EC0-301F-11D3-BF4B-00C04F79EFBC}") = "UserService", "UserService\UserService.csproj", "{A478721D-5E2C-46DD-843B-E6468BAE5A1A}"
EndProject
Global
	GlobalSection(SolutionConfigurationPlatforms) = preSolution
		Debug|Any CPU = Debug|Any CPU
		Release|Any CPU = Release|Any CPU
	EndGlobalSection
	GlobalSection(ProjectConfigurationPlatforms) = postSolution
		{A478721D-5E2C-46DD-843B-E6468BAE5A1A}.Debug|Any CPU.ActiveCfg = Debug|Any CPU
		{A478721D-5E2C-46DD-843B-E6468BAE5A1A}.Debug|Any CPU.Build.0 = Debug|Any CPU
		{A478721D-5E2C-46DD-843B-E6468BAE5A1A}.Release|Any CPU.ActiveCfg = Release|Any CPU
		{A478721D-5E2C-46DD-843B-E6468BAE5A1A}.Release|Any CPU.Build.0 = Release|Any CPU
	EndGlobalSection
EndGlobal
